
Microsoft Visual Studio Solution File, Format Version 12.00
# Visual Studio Version 16
VisualStudioVersion = 16.0.31005.135
MinimumVisualStudioVersion = 10.0.40219.1
Project("{FAE04EC0-301F-11D3-BF4B-00C04F79EFBC}") = "Digital  Clock", "Digital  Clock\Digital  Clock.csproj", "{2588B16C-E19F-4DB4-8527-4F54B9CD07CD}"
EndProject
Global
	GlobalSection(SolutionConfigurationPlatforms) = preSolution
		Debug|Any CPU = Debug|Any CPU
		Release|Any CPU = Release|Any CPU
	EndGlobalSection
	GlobalSection(ProjectConfigurationPlatforms) = postSolution
		{2588B16C-E19F-4DB4-8527-4F54B9CD07CD}.Debug|Any CPU.ActiveCfg = Debug|Any CPU
		{2588B16C-E19F-4DB4-8527-4F54B9CD07CD}.Debug|Any CPU.Build.0 = Debug|Any CPU
		{2588B16C-E19F-4DB4-8527-4F54B9CD07CD}.Release|Any CPU.ActiveCfg = Release|Any CPU
		{2588B16C-E19F-4DB4-8527-4F54B9CD07CD}.Release|Any CPU.Build.0 = Release|Any CPU
	EndGlobalSection
	GlobalSection(SolutionProperties) = preSolution
		HideSolutionNode = FALSE
	EndGlobalSection
	GlobalSection(ExtensibilityGlobals) = postSolution
		SolutionGuid = {3CC60038-81E8-43CC-B29A-D6CAA22160D2}
	EndGlobalSection
EndGlobal
